
Microsoft Visual Studio Solution File, Format Version 12.00
# Visual Studio 15
VisualStudioVersion = 15.0.27004.2005
MinimumVisualStudioVersion = 10.0.40219.1
Project("{FAE04EC0-301F-11D3-BF4B-00C04F79EFBC}") = "0.02_BasicTypes", "0.02_BasicTypes\0.02_BasicTypes.csproj", "{01C39341-5290-4305-A0BB-A873E0817750}"
EndProject
Global
	GlobalSection(SolutionConfigurationPlatforms) = preSolution
		Debug|Any CPU = Debug|Any CPU
		Release|Any CPU = Release|Any CPU
	EndGlobalSection
	GlobalSection(ProjectConfigurationPlatforms) = postSolution
		{01C39341-5290-4305-A0BB-A873E0817750}.Debug|Any CPU.ActiveCfg = Debug|Any CPU
		{01C39341-5290-4305-A0BB-A873E0817750}.Debug|Any CPU.Build.0 = Debug|Any CPU
		{01C39341-5290-4305-A0BB-A873E0817750}.Release|Any CPU.ActiveCfg = Release|Any CPU
		{01C39341-5290-4305-A0BB-A873E0817750}.Release|Any CPU.Build.0 = Release|Any CPU
	EndGlobalSection
	GlobalSection(SolutionProperties) = preSolution
		HideSolutionNode = FALSE
	EndGlobalSection
	GlobalSection(ExtensibilityGlobals) = postSolution
		SolutionGuid = {3995D4DF-15CA-46E7-BB6F-DC2316C3C92A}
	EndGlobalSection
EndGlobal
